// !$*UTF8*$!
{
	archiveVersion = 1;
	classes = {
	};
	objectVersion = 48;
	objects = {

/* Begin PBXBuildFile section */
		9B1ED6D81F8F4D8900DA8FF7 /* SameTree.m in Sources */ = {isa = PBXBuildFile; fileRef = 9BA0DF731F8F47B000417325 /* SameTree.m */; };
		9B6BFA901F8B4E4800EA698B /* TwoSum.m in Sources */ = {isa = PBXBuildFile; fileRef = 9B8867B61F8B26E80059DDFE /* TwoSum.m */; };
		9B876B1B1F8E009D00B4A035 /* FirstUniqCharTests.m in Sources */ = {isa = PBXBuildFile; fileRef = 9B876B1A1F8E009D00B4A035 /* FirstUniqCharTests.m */; };
		9B876B1C1F8E00A800B4A035 /* FirstUniqChar.m in Sources */ = {isa = PBXBuildFile; fileRef = 9BB14AB81F8DF7DD000D1BAB /* FirstUniqChar.m */; };
		9B876B1D1F8E00AB00B4A035 /* ThirdMax.m in Sources */ = {isa = PBXBuildFile; fileRef = 9BB14AB51F8DF740000D1BAB /* ThirdMax.m */; };
		9B8867AB1F8B25D00059DDFE /* main.m in Sources */ = {isa = PBXBuildFile; fileRef = 9B8867AA1F8B25D00059DDFE /* main.m */; };
		9B8867B71F8B26E80059DDFE /* MoveZeros.m in Sources */ = {isa = PBXBuildFile; fileRef = 9B8867B11F8B26E80059DDFE /* MoveZeros.m */; };
		9B8867B81F8B26E90059DDFE /* ValidParentheses.m in Sources */ = {isa = PBXBuildFile; fileRef = 9B8867B51F8B26E80059DDFE /* ValidParentheses.m */; };
		9B8867B91F8B26E90059DDFE /* TwoSum.m in Sources */ = {isa = PBXBuildFile; fileRef = 9B8867B61F8B26E80059DDFE /* TwoSum.m */; };
		9BA0DF711F8F465B00417325 /* TreeNode.m in Sources */ = {isa = PBXBuildFile; fileRef = 9BCFA8601F8F2B40003BA2B9 /* TreeNode.m */; };
		9BA0DF741F8F47B000417325 /* SameTree.m in Sources */ = {isa = PBXBuildFile; fileRef = 9BA0DF731F8F47B000417325 /* SameTree.m */; };
		9BB14AB31F8DF648000D1BAB /* IsAnagram.m in Sources */ = {isa = PBXBuildFile; fileRef = 9BB14AB21F8DF648000D1BAB /* IsAnagram.m */; };
		9BB14AB61F8DF740000D1BAB /* ThirdMax.m in Sources */ = {isa = PBXBuildFile; fileRef = 9BB14AB51F8DF740000D1BAB /* ThirdMax.m */; };
		9BB14AB91F8DF7DD000D1BAB /* FirstUniqChar.m in Sources */ = {isa = PBXBuildFile; fileRef = 9BB14AB81F8DF7DD000D1BAB /* FirstUniqChar.m */; };
		9BCB14111F8DEAFC008096EE /* FindAnagrams.m in Sources */ = {isa = PBXBuildFile; fileRef = 9BCB14101F8DEAFC008096EE /* FindAnagrams.m */; };
		9BCB14131F8DEE02008096EE /* FindAnagramsTests.m in Sources */ = {isa = PBXBuildFile; fileRef = 9BCB14121F8DEE02008096EE /* FindAnagramsTests.m */; };
		9BCB14141F8DEE1F008096EE /* FindAnagrams.m in Sources */ = {isa = PBXBuildFile; fileRef = 9BCB14101F8DEAFC008096EE /* FindAnagrams.m */; };
		9BCFA85E1F8F263F003BA2B9 /* RightSideView.m in Sources */ = {isa = PBXBuildFile; fileRef = 9BCFA85D1F8F263F003BA2B9 /* RightSideView.m */; };
		9BCFA8611F8F2B40003BA2B9 /* TreeNode.m in Sources */ = {isa = PBXBuildFile; fileRef = 9BCFA8601F8F2B40003BA2B9 /* TreeNode.m */; };
		9BCFA8641F8F2C8D003BA2B9 /* GreaterTree.m in Sources */ = {isa = PBXBuildFile; fileRef = 9BCFA8631F8F2C8D003BA2B9 /* GreaterTree.m */; };
		9BCFA8671F8F2E44003BA2B9 /* ListNode.m in Sources */ = {isa = PBXBuildFile; fileRef = 9BCFA8661F8F2E44003BA2B9 /* ListNode.m */; };
		9BCFA86A1F8F2E9D003BA2B9 /* ReverseList.m in Sources */ = {isa = PBXBuildFile; fileRef = 9BCFA8691F8F2E9D003BA2B9 /* ReverseList.m */; };
		9BCFA86D1F8F33DA003BA2B9 /* ImageSmoother.m in Sources */ = {isa = PBXBuildFile; fileRef = 9BCFA86C1F8F33DA003BA2B9 /* ImageSmoother.m */; };
		9BCFA8701F8F3BF1003BA2B9 /* ThreeSum.m in Sources */ = {isa = PBXBuildFile; fileRef = 9BCFA86F1F8F3BF1003BA2B9 /* ThreeSum.m */; };
		B21935FF1F8B62DF009C8039 /* TwoSumTests.m in Sources */ = {isa = PBXBuildFile; fileRef = B21935FE1F8B62DF009C8039 /* TwoSumTests.m */; };
		B21936011F8B6594009C8039 /* MoveZerosTests.m in Sources */ = {isa = PBXBuildFile; fileRef = B21936001F8B6594009C8039 /* MoveZerosTests.m */; };
		B21936021F8B674E009C8039 /* MoveZeros.m in Sources */ = {isa = PBXBuildFile; fileRef = 9B8867B11F8B26E80059DDFE /* MoveZeros.m */; };
		B21936041F8B6DC3009C8039 /* ValidParenthesesTests.m in Sources */ = {isa = PBXBuildFile; fileRef = B21936031F8B6DC3009C8039 /* ValidParenthesesTests.m */; };
		B21936051F8B7132009C8039 /* ValidParentheses.m in Sources */ = {isa = PBXBuildFile; fileRef = 9B8867B51F8B26E80059DDFE /* ValidParentheses.m */; };
		B222FB201F8DF49D0027CEAE /* ValidAnagramTests.m in Sources */ = {isa = PBXBuildFile; fileRef = B222FB1F1F8DF49D0027CEAE /* ValidAnagramTests.m */; };
		B222FB211F8DF90A0027CEAE /* IsAnagram.m in Sources */ = {isa = PBXBuildFile; fileRef = 9BB14AB21F8DF648000D1BAB /* IsAnagram.m */; };
		B222FB231F8E00A80027CEAE /* ThirdMaxTests.m in Sources */ = {isa = PBXBuildFile; fileRef = B222FB221F8E00A80027CEAE /* ThirdMaxTests.m */; };
		B222FB261F8F35200027CEAE /* GreaterTreeTests.m in Sources */ = {isa = PBXBuildFile; fileRef = B222FB251F8F35200027CEAE /* GreaterTreeTests.m */; };
		B222FB271F8F35420027CEAE /* GreaterTree.m in Sources */ = {isa = PBXBuildFile; fileRef = 9BCFA8631F8F2C8D003BA2B9 /* GreaterTree.m */; };
		B222FB291F8F44960027CEAE /* ReverseListTests.m in Sources */ = {isa = PBXBuildFile; fileRef = B222FB281F8F44960027CEAE /* ReverseListTests.m */; };
		B222FB2C1F8F47DD0027CEAE /* ThreeSumTests.m in Sources */ = {isa = PBXBuildFile; fileRef = B222FB2B1F8F47DD0027CEAE /* ThreeSumTests.m */; };
		B222FB2D1F8F49340027CEAE /* ThreeSum.m in Sources */ = {isa = PBXBuildFile; fileRef = 9BCFA86F1F8F3BF1003BA2B9 /* ThreeSum.m */; };
		B222FB2E1F8F499C0027CEAE /* ReverseList.m in Sources */ = {isa = PBXBuildFile; fileRef = 9BCFA8691F8F2E9D003BA2B9 /* ReverseList.m */; };
		B222FB2F1F8F49A40027CEAE /* ListNode.m in Sources */ = {isa = PBXBuildFile; fileRef = 9BCFA8661F8F2E44003BA2B9 /* ListNode.m */; };
/* End PBXBuildFile section */

/* Begin PBXCopyFilesBuildPhase section */
		9B8867A51F8B25D00059DDFE /* CopyFiles */ = {
			isa = PBXCopyFilesBuildPhase;
			buildActionMask = 2147483647;
			dstPath = /usr/share/man/man1/;
			dstSubfolderSpec = 0;
			files = (
			);
			runOnlyForDeploymentPostprocessing = 1;
		};
/* End PBXCopyFilesBuildPhase section */

/* Begin PBXFileReference section */
		9B6BFA851F8B4DFC00EA698B /* LC-OC-Test.xctest */ = {isa = PBXFileReference; explicitFileType = wrapper.cfbundle; includeInIndex = 0; path = "LC-OC-Test.xctest"; sourceTree = BUILT_PRODUCTS_DIR; };
		9B6BFA891F8B4DFC00EA698B /* Info.plist */ = {isa = PBXFileReference; lastKnownFileType = text.plist.xml; path = Info.plist; sourceTree = "<group>"; };
		9B876B1A1F8E009D00B4A035 /* FirstUniqCharTests.m */ = {isa = PBXFileReference; lastKnownFileType = sourcecode.c.objc; path = FirstUniqCharTests.m; sourceTree = "<group>"; };
		9B8867A71F8B25D00059DDFE /* LC-OC */ = {isa = PBXFileReference; explicitFileType = "compiled.mach-o.executable"; includeInIndex = 0; path = "LC-OC"; sourceTree = BUILT_PRODUCTS_DIR; };
		9B8867AA1F8B25D00059DDFE /* main.m */ = {isa = PBXFileReference; lastKnownFileType = sourcecode.c.objc; path = main.m; sourceTree = "<group>"; };
		9B8867B11F8B26E80059DDFE /* MoveZeros.m */ = {isa = PBXFileReference; lastKnownFileType = sourcecode.c.objc; path = MoveZeros.m; sourceTree = "<group>"; };
		9B8867B21F8B26E80059DDFE /* ValidParentheses.h */ = {isa = PBXFileReference; lastKnownFileType = sourcecode.c.h; path = ValidParentheses.h; sourceTree = "<group>"; };
		9B8867B31F8B26E80059DDFE /* TwoSum.h */ = {isa = PBXFileReference; lastKnownFileType = sourcecode.c.h; path = TwoSum.h; sourceTree = "<group>"; };
		9B8867B41F8B26E80059DDFE /* MoveZeros.h */ = {isa = PBXFileReference; lastKnownFileType = sourcecode.c.h; path = MoveZeros.h; sourceTree = "<group>"; };
		9B8867B51F8B26E80059DDFE /* ValidParentheses.m */ = {isa = PBXFileReference; lastKnownFileType = sourcecode.c.objc; path = ValidParentheses.m; sourceTree = "<group>"; };
		9B8867B61F8B26E80059DDFE /* TwoSum.m */ = {isa = PBXFileReference; lastKnownFileType = sourcecode.c.objc; path = TwoSum.m; sourceTree = "<group>"; };
		9BA0DF721F8F47B000417325 /* SameTree.h */ = {isa = PBXFileReference; lastKnownFileType = sourcecode.c.h; path = SameTree.h; sourceTree = "<group>"; };
		9BA0DF731F8F47B000417325 /* SameTree.m */ = {isa = PBXFileReference; lastKnownFileType = sourcecode.c.objc; path = SameTree.m; sourceTree = "<group>"; };
		9BB14AB11F8DF648000D1BAB /* IsAnagram.h */ = {isa = PBXFileReference; lastKnownFileType = sourcecode.c.h; path = IsAnagram.h; sourceTree = "<group>"; };
		9BB14AB21F8DF648000D1BAB /* IsAnagram.m */ = {isa = PBXFileReference; lastKnownFileType = sourcecode.c.objc; path = IsAnagram.m; sourceTree = "<group>"; };
		9BB14AB41F8DF740000D1BAB /* ThirdMax.h */ = {isa = PBXFileReference; lastKnownFileType = sourcecode.c.h; path = ThirdMax.h; sourceTree = "<group>"; };
		9BB14AB51F8DF740000D1BAB /* ThirdMax.m */ = {isa = PBXFileReference; lastKnownFileType = sourcecode.c.objc; path = ThirdMax.m; sourceTree = "<group>"; };
		9BB14AB71F8DF7DD000D1BAB /* FirstUniqChar.h */ = {isa = PBXFileReference; lastKnownFileType = sourcecode.c.h; path = FirstUniqChar.h; sourceTree = "<group>"; };
		9BB14AB81F8DF7DD000D1BAB /* FirstUniqChar.m */ = {isa = PBXFileReference; lastKnownFileType = sourcecode.c.objc; path = FirstUniqChar.m; sourceTree = "<group>"; };
		9BCB140F1F8DEAFC008096EE /* FindAnagrams.h */ = {isa = PBXFileReference; lastKnownFileType = sourcecode.c.h; path = FindAnagrams.h; sourceTree = "<group>"; };
		9BCB14101F8DEAFC008096EE /* FindAnagrams.m */ = {isa = PBXFileReference; lastKnownFileType = sourcecode.c.objc; path = FindAnagrams.m; sourceTree = "<group>"; };
		9BCB14121F8DEE02008096EE /* FindAnagramsTests.m */ = {isa = PBXFileReference; lastKnownFileType = sourcecode.c.objc; path = FindAnagramsTests.m; sourceTree = "<group>"; };
		9BCFA85C1F8F263F003BA2B9 /* RightSideView.h */ = {isa = PBXFileReference; lastKnownFileType = sourcecode.c.h; path = RightSideView.h; sourceTree = "<group>"; };
		9BCFA85D1F8F263F003BA2B9 /* RightSideView.m */ = {isa = PBXFileReference; lastKnownFileType = sourcecode.c.objc; path = RightSideView.m; sourceTree = "<group>"; };
		9BCFA85F1F8F2B40003BA2B9 /* TreeNode.h */ = {isa = PBXFileReference; lastKnownFileType = sourcecode.c.h; path = TreeNode.h; sourceTree = "<group>"; };
		9BCFA8601F8F2B40003BA2B9 /* TreeNode.m */ = {isa = PBXFileReference; lastKnownFileType = sourcecode.c.objc; path = TreeNode.m; sourceTree = "<group>"; };
		9BCFA8621F8F2C8D003BA2B9 /* GreaterTree.h */ = {isa = PBXFileReference; lastKnownFileType = sourcecode.c.h; path = GreaterTree.h; sourceTree = "<group>"; };
		9BCFA8631F8F2C8D003BA2B9 /* GreaterTree.m */ = {isa = PBXFileReference; lastKnownFileType = sourcecode.c.objc; path = GreaterTree.m; sourceTree = "<group>"; };
		9BCFA8651F8F2E44003BA2B9 /* ListNode.h */ = {isa = PBXFileReference; lastKnownFileType = sourcecode.c.h; path = ListNode.h; sourceTree = "<group>"; };
		9BCFA8661F8F2E44003BA2B9 /* ListNode.m */ = {isa = PBXFileReference; lastKnownFileType = sourcecode.c.objc; path = ListNode.m; sourceTree = "<group>"; };
		9BCFA8681F8F2E9D003BA2B9 /* ReverseList.h */ = {isa = PBXFileReference; lastKnownFileType = sourcecode.c.h; path = ReverseList.h; sourceTree = "<group>"; };
		9BCFA8691F8F2E9D003BA2B9 /* ReverseList.m */ = {isa = PBXFileReference; lastKnownFileType = sourcecode.c.objc; path = ReverseList.m; sourceTree = "<group>"; };
		9BCFA86B1F8F33DA003BA2B9 /* ImageSmoother.h */ = {isa = PBXFileReference; lastKnownFileType = sourcecode.c.h; path = ImageSmoother.h; sourceTree = "<group>"; };
		9BCFA86C1F8F33DA003BA2B9 /* ImageSmoother.m */ = {isa = PBXFileReference; lastKnownFileType = sourcecode.c.objc; path = ImageSmoother.m; sourceTree = "<group>"; };
		9BCFA86E1F8F3BF1003BA2B9 /* ThreeSum.h */ = {isa = PBXFileReference; lastKnownFileType = sourcecode.c.h; path = ThreeSum.h; sourceTree = "<group>"; };
		9BCFA86F1F8F3BF1003BA2B9 /* ThreeSum.m */ = {isa = PBXFileReference; lastKnownFileType = sourcecode.c.objc; path = ThreeSum.m; sourceTree = "<group>"; };
		B21935FE1F8B62DF009C8039 /* TwoSumTests.m */ = {isa = PBXFileReference; lastKnownFileType = sourcecode.c.objc; path = TwoSumTests.m; sourceTree = "<group>"; };
		B21936001F8B6594009C8039 /* MoveZerosTests.m */ = {isa = PBXFileReference; lastKnownFileType = sourcecode.c.objc; path = MoveZerosTests.m; sourceTree = "<group>"; };
		B21936031F8B6DC3009C8039 /* ValidParenthesesTests.m */ = {isa = PBXFileReference; lastKnownFileType = sourcecode.c.objc; path = ValidParenthesesTests.m; sourceTree = "<group>"; };
		B222FB1F1F8DF49D0027CEAE /* ValidAnagramTests.m */ = {isa = PBXFileReference; lastKnownFileType = sourcecode.c.objc; path = ValidAnagramTests.m; sourceTree = "<group>"; };
		B222FB221F8E00A80027CEAE /* ThirdMaxTests.m */ = {isa = PBXFileReference; lastKnownFileType = sourcecode.c.objc; path = ThirdMaxTests.m; sourceTree = "<group>"; };
		B222FB251F8F35200027CEAE /* GreaterTreeTests.m */ = {isa = PBXFileReference; lastKnownFileType = sourcecode.c.objc; path = GreaterTreeTests.m; sourceTree = "<group>"; };
		B222FB281F8F44960027CEAE /* ReverseListTests.m */ = {isa = PBXFileReference; lastKnownFileType = sourcecode.c.objc; path = ReverseListTests.m; sourceTree = "<group>"; };
		B222FB2B1F8F47DD0027CEAE /* ThreeSumTests.m */ = {isa = PBXFileReference; lastKnownFileType = sourcecode.c.objc; path = ThreeSumTests.m; sourceTree = "<group>"; };
/* End PBXFileReference section */

/* Begin PBXFrameworksBuildPhase section */
		9B6BFA821F8B4DFC00EA698B /* Frameworks */ = {
			isa = PBXFrameworksBuildPhase;
			buildActionMask = 2147483647;
			files = (
			);
			runOnlyForDeploymentPostprocessing = 0;
		};
		9B8867A41F8B25D00059DDFE /* Frameworks */ = {
			isa = PBXFrameworksBuildPhase;
			buildActionMask = 2147483647;
			files = (
			);
			runOnlyForDeploymentPostprocessing = 0;
		};
/* End PBXFrameworksBuildPhase section */

/* Begin PBXGroup section */
		9B6BFA861F8B4DFC00EA698B /* LC-OC-Test */ = {
			isa = PBXGroup;
			children = (
				B222FB2B1F8F47DD0027CEAE /* ThreeSumTests.m */,
				B222FB281F8F44960027CEAE /* ReverseListTests.m */,
				B222FB251F8F35200027CEAE /* GreaterTreeTests.m */,
				9B876B1A1F8E009D00B4A035 /* FirstUniqCharTests.m */,
				B222FB221F8E00A80027CEAE /* ThirdMaxTests.m */,
				B222FB1F1F8DF49D0027CEAE /* ValidAnagramTests.m */,
				9BCB14121F8DEE02008096EE /* FindAnagramsTests.m */,
				B21936001F8B6594009C8039 /* MoveZerosTests.m */,
				B21935FE1F8B62DF009C8039 /* TwoSumTests.m */,
				9B6BFA891F8B4DFC00EA698B /* Info.plist */,
				B21936031F8B6DC3009C8039 /* ValidParenthesesTests.m */,
			);
			path = "LC-OC-Test";
			sourceTree = "<group>";
		};
		9B88679E1F8B25D00059DDFE = {
			isa = PBXGroup;
			children = (
				9B8867A91F8B25D00059DDFE /* LC-OC */,
				9B6BFA861F8B4DFC00EA698B /* LC-OC-Test */,
				9B8867A81F8B25D00059DDFE /* Products */,
			);
			sourceTree = "<group>";
		};
		9B8867A81F8B25D00059DDFE /* Products */ = {
			isa = PBXGroup;
			children = (
				9B8867A71F8B25D00059DDFE /* LC-OC */,
				9B6BFA851F8B4DFC00EA698B /* LC-OC-Test.xctest */,
			);
			name = Products;
			sourceTree = "<group>";
		};
		9B8867A91F8B25D00059DDFE /* LC-OC */ = {
			isa = PBXGroup;
			children = (
				9B8867AA1F8B25D00059DDFE /* main.m */,
				9B8867B41F8B26E80059DDFE /* MoveZeros.h */,
				9B8867B11F8B26E80059DDFE /* MoveZeros.m */,
				9B8867B31F8B26E80059DDFE /* TwoSum.h */,
				9B8867B61F8B26E80059DDFE /* TwoSum.m */,
				9B8867B21F8B26E80059DDFE /* ValidParentheses.h */,
				9B8867B51F8B26E80059DDFE /* ValidParentheses.m */,
				9BCB140F1F8DEAFC008096EE /* FindAnagrams.h */,
				9BCB14101F8DEAFC008096EE /* FindAnagrams.m */,
				9BB14AB11F8DF648000D1BAB /* IsAnagram.h */,
				9BB14AB21F8DF648000D1BAB /* IsAnagram.m */,
				9BB14AB41F8DF740000D1BAB /* ThirdMax.h */,
				9BB14AB51F8DF740000D1BAB /* ThirdMax.m */,
				9BB14AB71F8DF7DD000D1BAB /* FirstUniqChar.h */,
				9BB14AB81F8DF7DD000D1BAB /* FirstUniqChar.m */,
				9BCFA85C1F8F263F003BA2B9 /* RightSideView.h */,
				9BCFA85D1F8F263F003BA2B9 /* RightSideView.m */,
				9BCFA85F1F8F2B40003BA2B9 /* TreeNode.h */,
				9BCFA8601F8F2B40003BA2B9 /* TreeNode.m */,
				9BCFA8621F8F2C8D003BA2B9 /* GreaterTree.h */,
				9BCFA8631F8F2C8D003BA2B9 /* GreaterTree.m */,
				9BCFA8651F8F2E44003BA2B9 /* ListNode.h */,
				9BCFA8661F8F2E44003BA2B9 /* ListNode.m */,
				9BCFA8681F8F2E9D003BA2B9 /* ReverseList.h */,
				9BCFA8691F8F2E9D003BA2B9 /* ReverseList.m */,
				9BCFA86B1F8F33DA003BA2B9 /* ImageSmoother.h */,
				9BCFA86C1F8F33DA003BA2B9 /* ImageSmoother.m */,
				9BCFA86E1F8F3BF1003BA2B9 /* ThreeSum.h */,
				9BCFA86F1F8F3BF1003BA2B9 /* ThreeSum.m */,
				9BA0DF721F8F47B000417325 /* SameTree.h */,
				9BA0DF731F8F47B000417325 /* SameTree.m */,
			);
			path = "LC-OC";
			sourceTree = "<group>";
		};
/* End PBXGroup section */

/* Begin PBXNativeTarget section */
		9B6BFA841F8B4DFC00EA698B /* LC-OC-Test */ = {
			isa = PBXNativeTarget;
			buildConfigurationList = 9B6BFA8C1F8B4DFC00EA698B /* Build configuration list for PBXNativeTarget "LC-OC-Test" */;
			buildPhases = (
				9B6BFA811F8B4DFC00EA698B /* Sources */,
				9B6BFA821F8B4DFC00EA698B /* Frameworks */,
				9B6BFA831F8B4DFC00EA698B /* Resources */,
			);
			buildRules = (
			);
			dependencies = (
			);
			name = "LC-OC-Test";
			productName = "LC-OC-Test";
			productReference = 9B6BFA851F8B4DFC00EA698B /* LC-OC-Test.xctest */;
			productType = "com.apple.product-type.bundle.unit-test";
		};
		9B8867A61F8B25D00059DDFE /* LC-OC */ = {
			isa = PBXNativeTarget;
			buildConfigurationList = 9B8867AE1F8B25D00059DDFE /* Build configuration list for PBXNativeTarget "LC-OC" */;
			buildPhases = (
				9B8867A31F8B25D00059DDFE /* Sources */,
				9B8867A41F8B25D00059DDFE /* Frameworks */,
				9B8867A51F8B25D00059DDFE /* CopyFiles */,
			);
			buildRules = (
			);
			dependencies = (
			);
			name = "LC-OC";
			productName = "LC-OC";
			productReference = 9B8867A71F8B25D00059DDFE /* LC-OC */;
			productType = "com.apple.product-type.tool";
		};
/* End PBXNativeTarget section */

/* Begin PBXProject section */
		9B88679F1F8B25D00059DDFE /* Project object */ = {
			isa = PBXProject;
			attributes = {
				LastUpgradeCheck = 0900;
				ORGANIZATIONNAME = "Huan Lu";
				TargetAttributes = {
					9B6BFA841F8B4DFC00EA698B = {
						CreatedOnToolsVersion = 9.0;
						ProvisioningStyle = Automatic;
					};
					9B8867A61F8B25D00059DDFE = {
						CreatedOnToolsVersion = 9.0;
						ProvisioningStyle = Automatic;
					};
				};
			};
			buildConfigurationList = 9B8867A21F8B25D00059DDFE /* Build configuration list for PBXProject "LC-OC" */;
			compatibilityVersion = "Xcode 8.0";
			developmentRegion = en;
			hasScannedForEncodings = 0;
			knownRegions = (
				en,
			);
			mainGroup = 9B88679E1F8B25D00059DDFE;
			productRefGroup = 9B8867A81F8B25D00059DDFE /* Products */;
			projectDirPath = "";
			projectRoot = "";
			targets = (
				9B8867A61F8B25D00059DDFE /* LC-OC */,
				9B6BFA841F8B4DFC00EA698B /* LC-OC-Test */,
			);
		};
/* End PBXProject section */

/* Begin PBXResourcesBuildPhase section */
		9B6BFA831F8B4DFC00EA698B /* Resources */ = {
			isa = PBXResourcesBuildPhase;
			buildActionMask = 2147483647;
			files = (
			);
			runOnlyForDeploymentPostprocessing = 0;
		};
/* End PBXResourcesBuildPhase section */

/* Begin PBXSourcesBuildPhase section */
		9B6BFA811F8B4DFC00EA698B /* Sources */ = {
			isa = PBXSourcesBuildPhase;
			buildActionMask = 2147483647;
			files = (
				9BA0DF711F8F465B00417325 /* TreeNode.m in Sources */,
				9B876B1D1F8E00AB00B4A035 /* ThirdMax.m in Sources */,
				9B876B1C1F8E00A800B4A035 /* FirstUniqChar.m in Sources */,
				B222FB271F8F35420027CEAE /* GreaterTree.m in Sources */,
				9BCB14141F8DEE1F008096EE /* FindAnagrams.m in Sources */,
				B222FB201F8DF49D0027CEAE /* ValidAnagramTests.m in Sources */,
				B222FB2F1F8F49A40027CEAE /* ListNode.m in Sources */,
				B222FB2E1F8F499C0027CEAE /* ReverseList.m in Sources */,
				9B1ED6D81F8F4D8900DA8FF7 /* SameTree.m in Sources */,
				9BCB14131F8DEE02008096EE /* FindAnagramsTests.m in Sources */,
				B21936051F8B7132009C8039 /* ValidParentheses.m in Sources */,
				B21936021F8B674E009C8039 /* MoveZeros.m in Sources */,
				B21936041F8B6DC3009C8039 /* ValidParenthesesTests.m in Sources */,
				B222FB2C1F8F47DD0027CEAE /* ThreeSumTests.m in Sources */,
				B21935FF1F8B62DF009C8039 /* TwoSumTests.m in Sources */,
				9B876B1B1F8E009D00B4A035 /* FirstUniqCharTests.m in Sources */,
				B21936011F8B6594009C8039 /* MoveZerosTests.m in Sources */,
				B222FB231F8E00A80027CEAE /* ThirdMaxTests.m in Sources */,
				B222FB261F8F35200027CEAE /* GreaterTreeTests.m in Sources */,
				9B6BFA901F8B4E4800EA698B /* TwoSum.m in Sources */,
				B222FB291F8F44960027CEAE /* ReverseListTests.m in Sources */,
				B222FB211F8DF90A0027CEAE /* IsAnagram.m in Sources */,
				B222FB2D1F8F49340027CEAE /* ThreeSum.m in Sources */,
			);
			runOnlyForDeploymentPostprocessing = 0;
		};
		9B8867A31F8B25D00059DDFE /* Sources */ = {
			isa = PBXSourcesBuildPhase;
			buildActionMask = 2147483647;
			files = (
				9B8867B71F8B26E80059DDFE /* MoveZeros.m in Sources */,
				9BB14AB31F8DF648000D1BAB /* IsAnagram.m in Sources */,
				9B8867B81F8B26E90059DDFE /* ValidParentheses.m in Sources */,
				9BCFA8701F8F3BF1003BA2B9 /* ThreeSum.m in Sources */,
				9B8867B91F8B26E90059DDFE /* TwoSum.m in Sources */,
				9BB14AB61F8DF740000D1BAB /* ThirdMax.m in Sources */,
				9BCFA8611F8F2B40003BA2B9 /* TreeNode.m in Sources */,
				9BCFA8641F8F2C8D003BA2B9 /* GreaterTree.m in Sources */,
				9BCFA8671F8F2E44003BA2B9 /* ListNode.m in Sources */,
				9BCFA86A1F8F2E9D003BA2B9 /* ReverseList.m in Sources */,
				9BB14AB91F8DF7DD000D1BAB /* FirstUniqChar.m in Sources */,
				9BA0DF741F8F47B000417325 /* SameTree.m in Sources */,
				9B8867AB1F8B25D00059DDFE /* main.m in Sources */,
				9BCB14111F8DEAFC008096EE /* FindAnagrams.m in Sources */,
				9BCFA86D1F8F33DA003BA2B9 /* ImageSmoother.m in Sources */,
				9BCFA85E1F8F263F003BA2B9 /* RightSideView.m in Sources */,
			);
			runOnlyForDeploymentPostprocessing = 0;
		};
/* End PBXSourcesBuildPhase section */

/* Begin XCBuildConfiguration section */
		9B6BFA8A1F8B4DFC00EA698B /* Debug */ = {
			isa = XCBuildConfiguration;
			buildSettings = {
				CODE_SIGN_STYLE = Automatic;
				COMBINE_HIDPI_IMAGES = YES;
				INFOPLIST_FILE = "LC-OC-Test/Info.plist";
				LD_RUNPATH_SEARCH_PATHS = "$(inherited) @executable_path/../Frameworks @loader_path/../Frameworks";
				PRODUCT_BUNDLE_IDENTIFIER = "HuanLu.LC-OC-Test";
				PRODUCT_NAME = "$(TARGET_NAME)";
			};
			name = Debug;
		};
		9B6BFA8B1F8B4DFC00EA698B /* Release */ = {
			isa = XCBuildConfiguration;
			buildSettings = {
				CODE_SIGN_STYLE = Automatic;
				COMBINE_HIDPI_IMAGES = YES;
				INFOPLIST_FILE = "LC-OC-Test/Info.plist";
				LD_RUNPATH_SEARCH_PATHS = "$(inherited) @executable_path/../Frameworks @loader_path/../Frameworks";
				PRODUCT_BUNDLE_IDENTIFIER = "HuanLu.LC-OC-Test";
				PRODUCT_NAME = "$(TARGET_NAME)";
			};
			name = Release;
		};
		9B8867AC1F8B25D00059DDFE /* Debug */ = {
			isa = XCBuildConfiguration;
			buildSettings = {
				ALWAYS_SEARCH_USER_PATHS = NO;
				CLANG_ANALYZER_NONNULL = YES;
				CLANG_ANALYZER_NUMBER_OBJECT_CONVERSION = YES_AGGRESSIVE;
				CLANG_CXX_LANGUAGE_STANDARD = "gnu++14";
				CLANG_CXX_LIBRARY = "libc++";
				CLANG_ENABLE_MODULES = YES;
				CLANG_ENABLE_OBJC_ARC = YES;
				CLANG_WARN_BLOCK_CAPTURE_AUTORELEASING = YES;
				CLANG_WARN_BOOL_CONVERSION = YES;
				CLANG_WARN_COMMA = YES;
				CLANG_WARN_CONSTANT_CONVERSION = YES;
				CLANG_WARN_DIRECT_OBJC_ISA_USAGE = YES_ERROR;
				CLANG_WARN_DOCUMENTATION_COMMENTS = YES;
				CLANG_WARN_EMPTY_BODY = YES;
				CLANG_WARN_ENUM_CONVERSION = YES;
				CLANG_WARN_INFINITE_RECURSION = YES;
				CLANG_WARN_INT_CONVERSION = YES;
				CLANG_WARN_NON_LITERAL_NULL_CONVERSION = YES;
				CLANG_WARN_OBJC_LITERAL_CONVERSION = YES;
				CLANG_WARN_OBJC_ROOT_CLASS = YES_ERROR;
				CLANG_WARN_RANGE_LOOP_ANALYSIS = YES;
				CLANG_WARN_STRICT_PROTOTYPES = YES;
				CLANG_WARN_SUSPICIOUS_MOVE = YES;
				CLANG_WARN_UNGUARDED_AVAILABILITY = YES_AGGRESSIVE;
				CLANG_WARN_UNREACHABLE_CODE = YES;
				CLANG_WARN__DUPLICATE_METHOD_MATCH = YES;
				CODE_SIGN_IDENTITY = "-";
				COPY_PHASE_STRIP = NO;
				DEBUG_INFORMATION_FORMAT = dwarf;
				ENABLE_STRICT_OBJC_MSGSEND = YES;
				ENABLE_TESTABILITY = YES;
				GCC_C_LANGUAGE_STANDARD = gnu11;
				GCC_DYNAMIC_NO_PIC = NO;
				GCC_NO_COMMON_BLOCKS = YES;
				GCC_OPTIMIZATION_LEVEL = 0;
				GCC_PREPROCESSOR_DEFINITIONS = (
					"DEBUG=1",
					"$(inherited)",
				);
				GCC_WARN_64_TO_32_BIT_CONVERSION = YES;
				GCC_WARN_ABOUT_RETURN_TYPE = YES_ERROR;
				GCC_WARN_UNDECLARED_SELECTOR = YES;
				GCC_WARN_UNINITIALIZED_AUTOS = YES_AGGRESSIVE;
				GCC_WARN_UNUSED_FUNCTION = YES;
				GCC_WARN_UNUSED_VARIABLE = YES;
				MACOSX_DEPLOYMENT_TARGET = 10.13;
				MTL_ENABLE_DEBUG_INFO = YES;
				ONLY_ACTIVE_ARCH = YES;
				SDKROOT = macosx;
			};
			name = Debug;
		};
		9B8867AD1F8B25D00059DDFE /* Release */ = {
			isa = XCBuildConfiguration;
			buildSettings = {
				ALWAYS_SEARCH_USER_PATHS = NO;
				CLANG_ANALYZER_NONNULL = YES;
				CLANG_ANALYZER_NUMBER_OBJECT_CONVERSION = YES_AGGRESSIVE;
				CLANG_CXX_LANGUAGE_STANDARD = "gnu++14";
				CLANG_CXX_LIBRARY = "libc++";
				CLANG_ENABLE_MODULES = YES;
				CLANG_ENABLE_OBJC_ARC = YES;
				CLANG_WARN_BLOCK_CAPTURE_AUTORELEASING = YES;
				CLANG_WARN_BOOL_CONVERSION = YES;
				CLANG_WARN_COMMA = YES;
				CLANG_WARN_CONSTANT_CONVERSION = YES;
				CLANG_WARN_DIRECT_OBJC_ISA_USAGE = YES_ERROR;
				CLANG_WARN_DOCUMENTATION_COMMENTS = YES;
				CLANG_WARN_EMPTY_BODY = YES;
				CLANG_WARN_ENUM_CONVERSION = YES;
				CLANG_WARN_INFINITE_RECURSION = YES;
				CLANG_WARN_INT_CONVERSION = YES;
				CLANG_WARN_NON_LITERAL_NULL_CONVERSION = YES;
				CLANG_WARN_OBJC_LITERAL_CONVERSION = YES;
				CLANG_WARN_OBJC_ROOT_CLASS = YES_ERROR;
				CLANG_WARN_RANGE_LOOP_ANALYSIS = YES;
				CLANG_WARN_STRICT_PROTOTYPES = YES;
				CLANG_WARN_SUSPICIOUS_MOVE = YES;
				CLANG_WARN_UNGUARDED_AVAILABILITY = YES_AGGRESSIVE;
				CLANG_WARN_UNREACHABLE_CODE = YES;
				CLANG_WARN__DUPLICATE_METHOD_MATCH = YES;
				CODE_SIGN_IDENTITY = "-";
				COPY_PHASE_STRIP = NO;
				DEBUG_INFORMATION_FORMAT = "dwarf-with-dsym";
				ENABLE_NS_ASSERTIONS = NO;
				ENABLE_STRICT_OBJC_MSGSEND = YES;
				ENABLE_TESTABILITY = NO;
				GCC_C_LANGUAGE_STANDARD = gnu11;
				GCC_NO_COMMON_BLOCKS = YES;
				GCC_WARN_64_TO_32_BIT_CONVERSION = YES;
				GCC_WARN_ABOUT_RETURN_TYPE = YES_ERROR;
				GCC_WARN_UNDECLARED_SELECTOR = YES;
				GCC_WARN_UNINITIALIZED_AUTOS = YES_AGGRESSIVE;
				GCC_WARN_UNUSED_FUNCTION = YES;
				GCC_WARN_UNUSED_VARIABLE = YES;
				MACOSX_DEPLOYMENT_TARGET = 10.13;
				MTL_ENABLE_DEBUG_INFO = NO;
				SDKROOT = macosx;
			};
			name = Release;
		};
		9B8867AF1F8B25D00059DDFE /* Debug */ = {
			isa = XCBuildConfiguration;
			buildSettings = {
				CODE_SIGN_STYLE = Automatic;
				PRODUCT_NAME = "$(TARGET_NAME)";
			};
			name = Debug;
		};
		9B8867B01F8B25D00059DDFE /* Release */ = {
			isa = XCBuildConfiguration;
			buildSettings = {
				CODE_SIGN_STYLE = Automatic;
				PRODUCT_NAME = "$(TARGET_NAME)";
			};
			name = Release;
		};
/* End XCBuildConfiguration section */

/* Begin XCConfigurationList section */
		9B6BFA8C1F8B4DFC00EA698B /* Build configuration list for PBXNativeTarget "LC-OC-Test" */ = {
			isa = XCConfigurationList;
			buildConfigurations = (
				9B6BFA8A1F8B4DFC00EA698B /* Debug */,
				9B6BFA8B1F8B4DFC00EA698B /* Release */,
			);
			defaultConfigurationIsVisible = 0;
			defaultConfigurationName = Release;
		};
		9B8867A21F8B25D00059DDFE /* Build configuration list for PBXProject "LC-OC" */ = {
			isa = XCConfigurationList;
			buildConfigurations = (
				9B8867AC1F8B25D00059DDFE /* Debug */,
				9B8867AD1F8B25D00059DDFE /* Release */,
			);
			defaultConfigurationIsVisible = 0;
			defaultConfigurationName = Release;
		};
		9B8867AE1F8B25D00059DDFE /* Build configuration list for PBXNativeTarget "LC-OC" */ = {
			isa = XCConfigurationList;
			buildConfigurations = (
				9B8867AF1F8B25D00059DDFE /* Debug */,
				9B8867B01F8B25D00059DDFE /* Release */,
			);
			defaultConfigurationIsVisible = 0;
			defaultConfigurationName = Release;
		};
/* End XCConfigurationList section */
	};
	rootObject = 9B88679F1F8B25D00059DDFE /* Project object */;
}
